
Microsoft Visual Studio Solution File, Format Version 12.00
# Visual Studio Version 17
VisualStudioVersion = 17.13.35931.197 d17.13
MinimumVisualStudioVersion = 10.0.40219.1
Project("{FAE04EC0-301F-11D3-BF4B-00C04F79EFBC}") = "AIDigitalWellnessMonitor", "AIDigitalWellnessMonitor.csproj", "{C02374B7-B1C7-CCA2-14FF-3F16425372D7}"
EndProject
Global
	GlobalSection(SolutionConfigurationPlatforms) = preSolution
		Debug|Any CPU = Debug|Any CPU
		Release|Any CPU = Release|Any CPU
	EndGlobalSection
	GlobalSection(ProjectConfigurationPlatforms) = postSolution
		{C02374B7-B1C7-CCA2-14FF-3F16425372D7}.Debug|Any CPU.ActiveCfg = Debug|Any CPU
		{C02374B7-B1C7-CCA2-14FF-3F16425372D7}.Debug|Any CPU.Build.0 = Debug|Any CPU
		{C02374B7-B1C7-CCA2-14FF-3F16425372D7}.Release|Any CPU.ActiveCfg = Release|Any CPU
		{C02374B7-B1C7-CCA2-14FF-3F16425372D7}.Release|Any CPU.Build.0 = Release|Any CPU
	EndGlobalSection
	GlobalSection(SolutionProperties) = preSolution
		HideSolutionNode = FALSE
	EndGlobalSection
	GlobalSection(ExtensibilityGlobals) = postSolution
		SolutionGuid = {4B2CDACC-C3C4-45E9-9723-F7B058724869}
	EndGlobalSection
EndGlobal
